
Microsoft Visual Studio Solution File, Format Version 12.00
# Visual Studio 2012
Project("{FAE04EC0-301F-11D3-BF4B-00C04F79EFBC}") = "AssertThat", "AssertThat\AssertThat.csproj", "{83DD7E12-A705-4DBA-9D71-09C8973D9382}"
EndProject
Project("{FAE04EC0-301F-11D3-BF4B-00C04F79EFBC}") = "UsageExample", "UsageExample\UsageExample.csproj", "{17970BE6-9880-4B04-9BE4-87971026C87F}"
EndProject
Global
	GlobalSection(SolutionConfigurationPlatforms) = preSolution
		Debug|Any CPU = Debug|Any CPU
		Release|Any CPU = Release|Any CPU
	EndGlobalSection
	GlobalSection(ProjectConfigurationPlatforms) = postSolution
		{83DD7E12-A705-4DBA-9D71-09C8973D9382}.Debug|Any CPU.ActiveCfg = Debug|Any CPU
		{83DD7E12-A705-4DBA-9D71-09C8973D9382}.Debug|Any CPU.Build.0 = Debug|Any CPU
		{83DD7E12-A705-4DBA-9D71-09C8973D9382}.Release|Any CPU.ActiveCfg = Release|Any CPU
		{83DD7E12-A705-4DBA-9D71-09C8973D9382}.Release|Any CPU.Build.0 = Release|Any CPU
		{17970BE6-9880-4B04-9BE4-87971026C87F}.Debug|Any CPU.ActiveCfg = Debug|Any CPU
		{17970BE6-9880-4B04-9BE4-87971026C87F}.Debug|Any CPU.Build.0 = Debug|Any CPU
		{17970BE6-9880-4B04-9BE4-87971026C87F}.Release|Any CPU.ActiveCfg = Release|Any CPU
		{17970BE6-9880-4B04-9BE4-87971026C87F}.Release|Any CPU.Build.0 = Release|Any CPU
	EndGlobalSection
	GlobalSection(SolutionProperties) = preSolution
		HideSolutionNode = FALSE
	EndGlobalSection
EndGlobal
